
Microsoft Visual Studio Solution File, Format Version 11.00
# Visual Studio 2010
Project("{8BC9CEB8-8B4A-11D0-8D11-00A0C91BC942}") = "HidProtocol", "CCBelock\CCBelock.vcxproj", "{2466CA9D-28E7-4156-B35E-B1D595ED5F99}"
EndProject
Project("{8BC9CEB8-8B4A-11D0-8D11-00A0C91BC942}") = "eLockTest1", "eLockTest1\eLockTest1.vcxproj", "{F5F5FDD3-71E8-4878-BB6A-9B295C790FC4}"
	ProjectSection(ProjectDependencies) = postProject
		{2466CA9D-28E7-4156-B35E-B1D595ED5F99} = {2466CA9D-28E7-4156-B35E-B1D595ED5F99}
	EndProjectSection
EndProject
Project("{FAE04EC0-301F-11D3-BF4B-00C04F79EFBC}") = "cselocktest808", "elockcstest808\cselocktest808.csproj", "{713409EC-494F-44DA-8665-42587438DC6D}"
EndProject
Project("{FAE04EC0-301F-11D3-BF4B-00C04F79EFBC}") = "ccbElockCSLib107", "ccbElockCSLib107\ccbElockCSLib107.csproj", "{93F091AE-73C0-48FE-ACB1-080DCAA94779}"
EndProject
Project("{8BC9CEB8-8B4A-11D0-8D11-00A0C91BC942}") = "jcMultiHID15", "jcMultiHID15\jcMultiHID15.vcxproj", "{938A43DE-CEB3-4EA2-B9BF-D5A05E026E01}"
EndProject
Project("{8BC9CEB8-8B4A-11D0-8D11-00A0C91BC942}") = "eLockGUITest20151208", "eLockGUITest20151208\eLockGUITest20151208.vcxproj", "{170463F1-A68F-479F-A6CE-B0F8C6BD9A18}"
EndProject
Global
	GlobalSection(SolutionConfigurationPlatforms) = preSolution
		Debug|Any CPU = Debug|Any CPU
		Debug|Mixed Platforms = Debug|Mixed Platforms
		Debug|Win32 = Debug|Win32
		Debug|x86 = Debug|x86
		Release|Any CPU = Release|Any CPU
		Release|Mixed Platforms = Release|Mixed Platforms
		Release|Win32 = Release|Win32
		Release|x86 = Release|x86
	EndGlobalSection
	GlobalSection(ProjectConfigurationPlatforms) = postSolution
		{2466CA9D-28E7-4156-B35E-B1D595ED5F99}.Debug|Any CPU.ActiveCfg = Debug|Win32
		{2466CA9D-28E7-4156-B35E-B1D595ED5F99}.Debug|Mixed Platforms.ActiveCfg = Debug|Win32
		{2466CA9D-28E7-4156-B35E-B1D595ED5F99}.Debug|Mixed Platforms.Build.0 = Debug|Win32
		{2466CA9D-28E7-4156-B35E-B1D595ED5F99}.Debug|Win32.ActiveCfg = Debug|Win32
		{2466CA9D-28E7-4156-B35E-B1D595ED5F99}.Debug|Win32.Build.0 = Debug|Win32
		{2466CA9D-28E7-4156-B35E-B1D595ED5F99}.Debug|x86.ActiveCfg = Debug|Win32
		{2466CA9D-28E7-4156-B35E-B1D595ED5F99}.Release|Any CPU.ActiveCfg = Release|Win32
		{2466CA9D-28E7-4156-B35E-B1D595ED5F99}.Release|Mixed Platforms.ActiveCfg = Release|Win32
		{2466CA9D-28E7-4156-B35E-B1D595ED5F99}.Release|Mixed Platforms.Build.0 = Release|Win32
		{2466CA9D-28E7-4156-B35E-B1D595ED5F99}.Release|Win32.ActiveCfg = Release|Win32
		{2466CA9D-28E7-4156-B35E-B1D595ED5F99}.Release|Win32.Build.0 = Release|Win32
		{2466CA9D-28E7-4156-B35E-B1D595ED5F99}.Release|x86.ActiveCfg = Release|Win32
		{F5F5FDD3-71E8-4878-BB6A-9B295C790FC4}.Debug|Any CPU.ActiveCfg = Debug|Win32
		{F5F5FDD3-71E8-4878-BB6A-9B295C790FC4}.Debug|Mixed Platforms.ActiveCfg = Debug|Win32
		{F5F5FDD3-71E8-4878-BB6A-9B295C790FC4}.Debug|Mixed Platforms.Build.0 = Debug|Win32
		{F5F5FDD3-71E8-4878-BB6A-9B295C790FC4}.Debug|Win32.ActiveCfg = Debug|Win32
		{F5F5FDD3-71E8-4878-BB6A-9B295C790FC4}.Debug|Win32.Build.0 = Debug|Win32
		{F5F5FDD3-71E8-4878-BB6A-9B295C790FC4}.Debug|x86.ActiveCfg = Debug|Win32
		{F5F5FDD3-71E8-4878-BB6A-9B295C790FC4}.Release|Any CPU.ActiveCfg = Release|Win32
		{F5F5FDD3-71E8-4878-BB6A-9B295C790FC4}.Release|Mixed Platforms.ActiveCfg = Release|Win32
		{F5F5FDD3-71E8-4878-BB6A-9B295C790FC4}.Release|Mixed Platforms.Build.0 = Release|Win32
		{F5F5FDD3-71E8-4878-BB6A-9B295C790FC4}.Release|Win32.ActiveCfg = Release|Win32
		{F5F5FDD3-71E8-4878-BB6A-9B295C790FC4}.Release|Win32.Build.0 = Release|Win32
		{F5F5FDD3-71E8-4878-BB6A-9B295C790FC4}.Release|x86.ActiveCfg = Release|Win32
		{713409EC-494F-44DA-8665-42587438DC6D}.Debug|Any CPU.ActiveCfg = Debug|x86
		{713409EC-494F-44DA-8665-42587438DC6D}.Debug|Mixed Platforms.ActiveCfg = Debug|x86
		{713409EC-494F-44DA-8665-42587438DC6D}.Debug|Mixed Platforms.Build.0 = Debug|x86
		{713409EC-494F-44DA-8665-42587438DC6D}.Debug|Win32.ActiveCfg = Debug|x86
		{713409EC-494F-44DA-8665-42587438DC6D}.Debug|x86.ActiveCfg = Debug|x86
		{713409EC-494F-44DA-8665-42587438DC6D}.Debug|x86.Build.0 = Debug|x86
		{713409EC-494F-44DA-8665-42587438DC6D}.Release|Any CPU.ActiveCfg = Release|x86
		{713409EC-494F-44DA-8665-42587438DC6D}.Release|Mixed Platforms.ActiveCfg = Release|x86
		{713409EC-494F-44DA-8665-42587438DC6D}.Release|Mixed Platforms.Build.0 = Release|x86
		{713409EC-494F-44DA-8665-42587438DC6D}.Release|Win32.ActiveCfg = Release|x86
		{713409EC-494F-44DA-8665-42587438DC6D}.Release|x86.ActiveCfg = Release|x86
		{713409EC-494F-44DA-8665-42587438DC6D}.Release|x86.Build.0 = Release|x86
		{93F091AE-73C0-48FE-ACB1-080DCAA94779}.Debug|Any CPU.ActiveCfg = Debug|Any CPU
		{93F091AE-73C0-48FE-ACB1-080DCAA94779}.Debug|Any CPU.Build.0 = Debug|Any CPU
		{93F091AE-73C0-48FE-ACB1-080DCAA94779}.Debug|Mixed Platforms.ActiveCfg = Debug|Any CPU
		{93F091AE-73C0-48FE-ACB1-080DCAA94779}.Debug|Mixed Platforms.Build.0 = Debug|Any CPU
		{93F091AE-73C0-48FE-ACB1-080DCAA94779}.Debug|Win32.ActiveCfg = Debug|Any CPU
		{93F091AE-73C0-48FE-ACB1-080DCAA94779}.Debug|x86.ActiveCfg = Debug|Any CPU
		{93F091AE-73C0-48FE-ACB1-080DCAA94779}.Release|Any CPU.ActiveCfg = Release|Any CPU
		{93F091AE-73C0-48FE-ACB1-080DCAA94779}.Release|Any CPU.Build.0 = Release|Any CPU
		{93F091AE-73C0-48FE-ACB1-080DCAA94779}.Release|Mixed Platforms.ActiveCfg = Release|Any CPU
		{93F091AE-73C0-48FE-ACB1-080DCAA94779}.Release|Mixed Platforms.Build.0 = Release|Any CPU
		{93F091AE-73C0-48FE-ACB1-080DCAA94779}.Release|Win32.ActiveCfg = Release|Any CPU
		{93F091AE-73C0-48FE-ACB1-080DCAA94779}.Release|x86.ActiveCfg = Release|Any CPU
		{938A43DE-CEB3-4EA2-B9BF-D5A05E026E01}.Debug|Any CPU.ActiveCfg = Debug|Win32
		{938A43DE-CEB3-4EA2-B9BF-D5A05E026E01}.Debug|Mixed Platforms.ActiveCfg = Debug|Win32
		{938A43DE-CEB3-4EA2-B9BF-D5A05E026E01}.Debug|Mixed Platforms.Build.0 = Debug|Win32
		{938A43DE-CEB3-4EA2-B9BF-D5A05E026E01}.Debug|Win32.ActiveCfg = Debug|Win32
		{938A43DE-CEB3-4EA2-B9BF-D5A05E026E01}.Debug|Win32.Build.0 = Debug|Win32
		{938A43DE-CEB3-4EA2-B9BF-D5A05E026E01}.Debug|x86.ActiveCfg = Debug|Win32
		{938A43DE-CEB3-4EA2-B9BF-D5A05E026E01}.Release|Any CPU.ActiveCfg = Release|Win32
		{938A43DE-CEB3-4EA2-B9BF-D5A05E026E01}.Release|Mixed Platforms.ActiveCfg = Release|Win32
		{938A43DE-CEB3-4EA2-B9BF-D5A05E026E01}.Release|Mixed Platforms.Build.0 = Release|Win32
		{938A43DE-CEB3-4EA2-B9BF-D5A05E026E01}.Release|Win32.ActiveCfg = Release|Win32
		{938A43DE-CEB3-4EA2-B9BF-D5A05E026E01}.Release|Win32.Build.0 = Release|Win32
		{938A43DE-CEB3-4EA2-B9BF-D5A05E026E01}.Release|x86.ActiveCfg = Release|Win32
		{170463F1-A68F-479F-A6CE-B0F8C6BD9A18}.Debug|Any CPU.ActiveCfg = Debug|Win32
		{170463F1-A68F-479F-A6CE-B0F8C6BD9A18}.Debug|Mixed Platforms.ActiveCfg = Debug|Win32
		{170463F1-A68F-479F-A6CE-B0F8C6BD9A18}.Debug|Mixed Platforms.Build.0 = Debug|Win32
		{170463F1-A68F-479F-A6CE-B0F8C6BD9A18}.Debug|Win32.ActiveCfg = Debug|Win32
		{170463F1-A68F-479F-A6CE-B0F8C6BD9A18}.Debug|Win32.Build.0 = Debug|Win32
		{170463F1-A68F-479F-A6CE-B0F8C6BD9A18}.Debug|x86.ActiveCfg = Debug|Win32
		{170463F1-A68F-479F-A6CE-B0F8C6BD9A18}.Release|Any CPU.ActiveCfg = Release|Win32
		{170463F1-A68F-479F-A6CE-B0F8C6BD9A18}.Release|Mixed Platforms.ActiveCfg = Release|Win32
		{170463F1-A68F-479F-A6CE-B0F8C6BD9A18}.Release|Mixed Platforms.Build.0 = Release|Win32
		{170463F1-A68F-479F-A6CE-B0F8C6BD9A18}.Release|Win32.ActiveCfg = Release|Win32
		{170463F1-A68F-479F-A6CE-B0F8C6BD9A18}.Release|Win32.Build.0 = Release|Win32
		{170463F1-A68F-479F-A6CE-B0F8C6BD9A18}.Release|x86.ActiveCfg = Release|Win32
	EndGlobalSection
	GlobalSection(SolutionProperties) = preSolution
		HideSolutionNode = FALSE
	EndGlobalSection
EndGlobal
